// !$*UTF8*$!
{
	archiveVersion = 1;
	classes = {
	};
	objectVersion = 46;
	objects = {

/* Begin PBXBuildFile section */
		D417DDF61CC396A300DA6075 /* AppDelegate.swift in Sources */ = {isa = PBXBuildFile; fileRef = D417DDF51CC396A300DA6075 /* AppDelegate.swift */; };
		D417DDF81CC396A300DA6075 /* HelloLTPAUserViewController.swift in Sources */ = {isa = PBXBuildFile; fileRef = D417DDF71CC396A300DA6075 /* HelloLTPAUserViewController.swift */; };
		D417DDFB1CC396A300DA6075 /* Main.storyboard in Resources */ = {isa = PBXBuildFile; fileRef = D417DDF91CC396A300DA6075 /* Main.storyboard */; };
		D417DDFD1CC396A300DA6075 /* Assets.xcassets in Resources */ = {isa = PBXBuildFile; fileRef = D417DDFC1CC396A300DA6075 /* Assets.xcassets */; };
		D417DE001CC396A300DA6075 /* LaunchScreen.storyboard in Resources */ = {isa = PBXBuildFile; fileRef = D417DDFE1CC396A300DA6075 /* LaunchScreen.storyboard */; };
		D417DE081CC39B9D00DA6075 /* LTPAChallengeHandler.swift in Sources */ = {isa = PBXBuildFile; fileRef = D417DE071CC39B9D00DA6075 /* LTPAChallengeHandler.swift */; };
		D417DE0A1CC3A5E000DA6075 /* mfpclient.plist in Resources */ = {isa = PBXBuildFile; fileRef = D417DE091CC3A5E000DA6075 /* mfpclient.plist */; };
		D417DE2A1CC4C05300DA6075 /* LoginViewController.swift in Sources */ = {isa = PBXBuildFile; fileRef = D417DE291CC4C05300DA6075 /* LoginViewController.swift */; };
		D417DE2C1CC5078000DA6075 /* README.md in Sources */ = {isa = PBXBuildFile; fileRef = D417DE2B1CC5078000DA6075 /* README.md */; };
		E8AB18567AF8D776E50BF0F6 /* libPods-LTPABasedSSOSample.a in Frameworks */ = {isa = PBXBuildFile; fileRef = 0A84E9C2026BB5DC8315E938 /* libPods-LTPABasedSSOSample.a */; };
/* End PBXBuildFile section */

/* Begin PBXFileReference section */
		0A84E9C2026BB5DC8315E938 /* libPods-LTPABasedSSOSample.a */ = {isa = PBXFileReference; explicitFileType = archive.ar; includeInIndex = 0; path = "libPods-LTPABasedSSOSample.a"; sourceTree = BUILT_PRODUCTS_DIR; };
		57DA82B8375DAB0424E31FE5 /* Pods-LTPABasedSSOSample.debug.xcconfig */ = {isa = PBXFileReference; includeInIndex = 1; lastKnownFileType = text.xcconfig; name = "Pods-LTPABasedSSOSample.debug.xcconfig"; path = "Pods/Target Support Files/Pods-LTPABasedSSOSample/Pods-LTPABasedSSOSample.debug.xcconfig"; sourceTree = "<group>"; };
		D417DDF21CC396A300DA6075 /* LTPABasedSSOSample.app */ = {isa = PBXFileReference; explicitFileType = wrapper.application; includeInIndex = 0; path = LTPABasedSSOSample.app; sourceTree = BUILT_PRODUCTS_DIR; };
		D417DDF51CC396A300DA6075 /* AppDelegate.swift */ = {isa = PBXFileReference; lastKnownFileType = sourcecode.swift; path = AppDelegate.swift; sourceTree = "<group>"; };
		D417DDF71CC396A300DA6075 /* HelloLTPAUserViewController.swift */ = {isa = PBXFileReference; lastKnownFileType = sourcecode.swift; path = HelloLTPAUserViewController.swift; sourceTree = "<group>"; };
		D417DDFA1CC396A300DA6075 /* Base */ = {isa = PBXFileReference; lastKnownFileType = file.storyboard; name = Base; path = Base.lproj/Main.storyboard; sourceTree = "<group>"; };
		D417DDFC1CC396A300DA6075 /* Assets.xcassets */ = {isa = PBXFileReference; lastKnownFileType = folder.assetcatalog; path = Assets.xcassets; sourceTree = "<group>"; };
		D417DDFF1CC396A300DA6075 /* Base */ = {isa = PBXFileReference; lastKnownFileType = file.storyboard; name = Base; path = Base.lproj/LaunchScreen.storyboard; sourceTree = "<group>"; };
		D417DE011CC396A300DA6075 /* Info.plist */ = {isa = PBXFileReference; lastKnownFileType = text.plist.xml; path = Info.plist; sourceTree = "<group>"; };
		D417DE071CC39B9D00DA6075 /* LTPAChallengeHandler.swift */ = {isa = PBXFileReference; fileEncoding = 4; lastKnownFileType = sourcecode.swift; path = LTPAChallengeHandler.swift; sourceTree = "<group>"; };
		D417DE091CC3A5E000DA6075 /* mfpclient.plist */ = {isa = PBXFileReference; lastKnownFileType = text.plist; path = mfpclient.plist; sourceTree = "<group>"; };
		D417DE291CC4C05300DA6075 /* LoginViewController.swift */ = {isa = PBXFileReference; fileEncoding = 4; lastKnownFileType = sourcecode.swift; path = LoginViewController.swift; sourceTree = "<group>"; };
		D417DE2B1CC5078000DA6075 /* README.md */ = {isa = PBXFileReference; fileEncoding = 4; lastKnownFileType = net.daringfireball.markdown; path = README.md; sourceTree = "<group>"; };
		E9AA69BF400F13419ED9320C /* Pods-LTPABasedSSOSample.release.xcconfig */ = {isa = PBXFileReference; includeInIndex = 1; lastKnownFileType = text.xcconfig; name = "Pods-LTPABasedSSOSample.release.xcconfig"; path = "Pods/Target Support Files/Pods-LTPABasedSSOSample/Pods-LTPABasedSSOSample.release.xcconfig"; sourceTree = "<group>"; };
/* End PBXFileReference section */

/* Begin PBXFrameworksBuildPhase section */
		D417DDEF1CC396A300DA6075 /* Frameworks */ = {
			isa = PBXFrameworksBuildPhase;
			buildActionMask = 2147483647;
			files = (
				E8AB18567AF8D776E50BF0F6 /* libPods-LTPABasedSSOSample.a in Frameworks */,
			);
			runOnlyForDeploymentPostprocessing = 0;
		};
/* End PBXFrameworksBuildPhase section */

/* Begin PBXGroup section */
		80D11E45B498C86331BE14EB /* Pods */ = {
			isa = PBXGroup;
			children = (
				57DA82B8375DAB0424E31FE5 /* Pods-LTPABasedSSOSample.debug.xcconfig */,
				E9AA69BF400F13419ED9320C /* Pods-LTPABasedSSOSample.release.xcconfig */,
			);
			name = Pods;
			sourceTree = "<group>";
		};
		926A6ED57F91ABAE7C05E421 /* Frameworks */ = {
			isa = PBXGroup;
			children = (
				0A84E9C2026BB5DC8315E938 /* libPods-LTPABasedSSOSample.a */,
			);
			name = Frameworks;
			sourceTree = "<group>";
		};
		D417DDE91CC396A300DA6075 = {
			isa = PBXGroup;
			children = (
				D417DE2B1CC5078000DA6075 /* README.md */,
				D417DE091CC3A5E000DA6075 /* mfpclient.plist */,
				D417DDF41CC396A300DA6075 /* LTPABasedSSOSample */,
				D417DDF31CC396A300DA6075 /* Products */,
				80D11E45B498C86331BE14EB /* Pods */,
				926A6ED57F91ABAE7C05E421 /* Frameworks */,
			);
			sourceTree = "<group>";
		};
		D417DDF31CC396A300DA6075 /* Products */ = {
			isa = PBXGroup;
			children = (
				D417DDF21CC396A300DA6075 /* LTPABasedSSOSample.app */,
			);
			name = Products;
			sourceTree = "<group>";
		};
		D417DDF41CC396A300DA6075 /* LTPABasedSSOSample */ = {
			isa = PBXGroup;
			children = (
				D417DDF51CC396A300DA6075 /* AppDelegate.swift */,
				D417DDF71CC396A300DA6075 /* HelloLTPAUserViewController.swift */,
				D417DE071CC39B9D00DA6075 /* LTPAChallengeHandler.swift */,
				D417DE291CC4C05300DA6075 /* LoginViewController.swift */,
				D417DDF91CC396A300DA6075 /* Main.storyboard */,
				D417DDFE1CC396A300DA6075 /* LaunchScreen.storyboard */,
				D417DDFC1CC396A300DA6075 /* Assets.xcassets */,
				D417DE011CC396A300DA6075 /* Info.plist */,
			);
			path = LTPABasedSSOSample;
			sourceTree = "<group>";
		};
/* End PBXGroup section */

/* Begin PBXNativeTarget section */
		D417DDF11CC396A300DA6075 /* LTPABasedSSOSample */ = {
			isa = PBXNativeTarget;
			buildConfigurationList = D417DE041CC396A300DA6075 /* Build configuration list for PBXNativeTarget "LTPABasedSSOSample" */;
			buildPhases = (
				4F61935371F185FE9CF7A490 /* 📦 Check Pods Manifest.lock */,
				D417DDEE1CC396A300DA6075 /* Sources */,
				D417DDEF1CC396A300DA6075 /* Frameworks */,
				D417DDF01CC396A300DA6075 /* Resources */,
				DC2705FC28367EFFAF48A9F7 /* 📦 Embed Pods Frameworks */,
				900B1788A69D994EE4551516 /* 📦 Copy Pods Resources */,
			);
			buildRules = (
			);
			dependencies = (
			);
			name = LTPABasedSSOSample;
			productName = LTPABasedSSOSample;
			productReference = D417DDF21CC396A300DA6075 /* LTPABasedSSOSample.app */;
			productType = "com.apple.product-type.application";
		};
/* End PBXNativeTarget section */

/* Begin PBXProject section */
		D417DDEA1CC396A300DA6075 /* Project object */ = {
			isa = PBXProject;
			attributes = {
				LastSwiftUpdateCheck = 0730;
				LastUpgradeCheck = 0730;
				ORGANIZATIONNAME = IBM;
				TargetAttributes = {
					D417DDF11CC396A300DA6075 = {
						CreatedOnToolsVersion = 7.3;
					};
				};
			};
			buildConfigurationList = D417DDED1CC396A300DA6075 /* Build configuration list for PBXProject "LTPABasedSSOSample" */;
			compatibilityVersion = "Xcode 3.2";
			developmentRegion = English;
			hasScannedForEncodings = 0;
			knownRegions = (
				en,
				Base,
			);
			mainGroup = D417DDE91CC396A300DA6075;
			productRefGroup = D417DDF31CC396A300DA6075 /* Products */;
			projectDirPath = "";
			projectRoot = "";
			targets = (
				D417DDF11CC396A300DA6075 /* LTPABasedSSOSample */,
			);
		};
/* End PBXProject section */

/* Begin PBXResourcesBuildPhase section */
		D417DDF01CC396A300DA6075 /* Resources */ = {
			isa = PBXResourcesBuildPhase;
			buildActionMask = 2147483647;
			files = (
				D417DE001CC396A300DA6075 /* LaunchScreen.storyboard in Resources */,
				D417DDFD1CC396A300DA6075 /* Assets.xcassets in Resources */,
				D417DDFB1CC396A300DA6075 /* Main.storyboard in Resources */,
				D417DE0A1CC3A5E000DA6075 /* mfpclient.plist in Resources */,
			);
			runOnlyForDeploymentPostprocessing = 0;
		};
/* End PBXResourcesBuildPhase section */

/* Begin PBXShellScriptBuildPhase section */
		4F61935371F185FE9CF7A490 /* 📦 Check Pods Manifest.lock */ = {
			isa = PBXShellScriptBuildPhase;
			buildActionMask = 2147483647;
			files = (
			);
			inputPaths = (
			);
			name = "📦 Check Pods Manifest.lock";
			outputPaths = (
			);
			runOnlyForDeploymentPostprocessing = 0;
			shellPath = /bin/sh;
			shellScript = "diff \"${PODS_ROOT}/../Podfile.lock\" \"${PODS_ROOT}/Manifest.lock\" > /dev/null\nif [[ $? != 0 ]] ; then\n    cat << EOM\nerror: The sandbox is not in sync with the Podfile.lock. Run 'pod install' or update your CocoaPods installation.\nEOM\n    exit 1\nfi\n";
			showEnvVarsInLog = 0;
		};
		900B1788A69D994EE4551516 /* 📦 Copy Pods Resources */ = {
			isa = PBXShellScriptBuildPhase;
			buildActionMask = 2147483647;
			files = (
			);
			inputPaths = (
			);
			name = "📦 Copy Pods Resources";
			outputPaths = (
			);
			runOnlyForDeploymentPostprocessing = 0;
			shellPath = /bin/sh;
			shellScript = "\"${SRCROOT}/Pods/Target Support Files/Pods-LTPABasedSSOSample/Pods-LTPABasedSSOSample-resources.sh\"\n";
			showEnvVarsInLog = 0;
		};
		DC2705FC28367EFFAF48A9F7 /* 📦 Embed Pods Frameworks */ = {
			isa = PBXShellScriptBuildPhase;
			buildActionMask = 2147483647;
			files = (
			);
			inputPaths = (
			);
			name = "📦 Embed Pods Frameworks";
			outputPaths = (
			);
			runOnlyForDeploymentPostprocessing = 0;
			shellPath = /bin/sh;
			shellScript = "\"${SRCROOT}/Pods/Target Support Files/Pods-LTPABasedSSOSample/Pods-LTPABasedSSOSample-frameworks.sh\"\n";
			showEnvVarsInLog = 0;
		};
/* End PBXShellScriptBuildPhase section */

/* Begin PBXSourcesBuildPhase section */
		D417DDEE1CC396A300DA6075 /* Sources */ = {
			isa = PBXSourcesBuildPhase;
			buildActionMask = 2147483647;
			files = (
				D417DE2A1CC4C05300DA6075 /* LoginViewController.swift in Sources */,
				D417DDF81CC396A300DA6075 /* HelloLTPAUserViewController.swift in Sources */,
				D417DE2C1CC5078000DA6075 /* README.md in Sources */,
				D417DE081CC39B9D00DA6075 /* LTPAChallengeHandler.swift in Sources */,
				D417DDF61CC396A300DA6075 /* AppDelegate.swift in Sources */,
			);
			runOnlyForDeploymentPostprocessing = 0;
		};
/* End PBXSourcesBuildPhase section */

/* Begin PBXVariantGroup section */
		D417DDF91CC396A300DA6075 /* Main.storyboard */ = {
			isa = PBXVariantGroup;
			children = (
				D417DDFA1CC396A300DA6075 /* Base */,
			);
			name = Main.storyboard;
			sourceTree = "<group>";
		};
		D417DDFE1CC396A300DA6075 /* LaunchScreen.storyboard */ = {
			isa = PBXVariantGroup;
			children = (
				D417DDFF1CC396A300DA6075 /* Base */,
			);
			name = LaunchScreen.storyboard;
			sourceTree = "<group>";
		};
/* End PBXVariantGroup section */

/* Begin XCBuildConfiguration section */
		D417DE021CC396A300DA6075 /* Debug */ = {
			isa = XCBuildConfiguration;
			buildSettings = {
				ALWAYS_SEARCH_USER_PATHS = NO;
				CLANG_ANALYZER_NONNULL = YES;
				CLANG_CXX_LANGUAGE_STANDARD = "gnu++0x";
				CLANG_CXX_LIBRARY = "libc++";
				CLANG_ENABLE_MODULES = YES;
				CLANG_ENABLE_OBJC_ARC = YES;
				CLANG_WARN_BOOL_CONVERSION = YES;
				CLANG_WARN_CONSTANT_CONVERSION = YES;
				CLANG_WARN_DIRECT_OBJC_ISA_USAGE = YES_ERROR;
				CLANG_WARN_EMPTY_BODY = YES;
				CLANG_WARN_ENUM_CONVERSION = YES;
				CLANG_WARN_INT_CONVERSION = YES;
				CLANG_WARN_OBJC_ROOT_CLASS = YES_ERROR;
				CLANG_WARN_UNREACHABLE_CODE = YES;
				CLANG_WARN__DUPLICATE_METHOD_MATCH = YES;
				"CODE_SIGN_IDENTITY[sdk=iphoneos*]" = "iPhone Developer";
				COPY_PHASE_STRIP = NO;
				DEBUG_INFORMATION_FORMAT = dwarf;
				ENABLE_STRICT_OBJC_MSGSEND = YES;
				ENABLE_TESTABILITY = YES;
				GCC_C_LANGUAGE_STANDARD = gnu99;
				GCC_DYNAMIC_NO_PIC = NO;
				GCC_NO_COMMON_BLOCKS = YES;
				GCC_OPTIMIZATION_LEVEL = 0;
				GCC_PREPROCESSOR_DEFINITIONS = (
					"DEBUG=1",
					"$(inherited)",
				);
				GCC_WARN_64_TO_32_BIT_CONVERSION = YES;
				GCC_WARN_ABOUT_RETURN_TYPE = YES_ERROR;
				GCC_WARN_UNDECLARED_SELECTOR = YES;
				GCC_WARN_UNINITIALIZED_AUTOS = YES_AGGRESSIVE;
				GCC_WARN_UNUSED_FUNCTION = YES;
				GCC_WARN_UNUSED_VARIABLE = YES;
				IPHONEOS_DEPLOYMENT_TARGET = 9.3;
				MTL_ENABLE_DEBUG_INFO = YES;
				ONLY_ACTIVE_ARCH = YES;
				SDKROOT = iphoneos;
				SWIFT_OPTIMIZATION_LEVEL = "-Onone";
			};
			name = Debug;
		};
		D417DE031CC396A300DA6075 /* Release */ = {
			isa = XCBuildConfiguration;
			buildSettings = {
				ALWAYS_SEARCH_USER_PATHS = NO;
				CLANG_ANALYZER_NONNULL = YES;
				CLANG_CXX_LANGUAGE_STANDARD = "gnu++0x";
				CLANG_CXX_LIBRARY = "libc++";
				CLANG_ENABLE_MODULES = YES;
				CLANG_ENABLE_OBJC_ARC = YES;
				CLANG_WARN_BOOL_CONVERSION = YES;
				CLANG_WARN_CONSTANT_CONVERSION = YES;
				CLANG_WARN_DIRECT_OBJC_ISA_USAGE = YES_ERROR;
				CLANG_WARN_EMPTY_BODY = YES;
				CLANG_WARN_ENUM_CONVERSION = YES;
				CLANG_WARN_INT_CONVERSION = YES;
				CLANG_WARN_OBJC_ROOT_CLASS = YES_ERROR;
				CLANG_WARN_UNREACHABLE_CODE = YES;
				CLANG_WARN__DUPLICATE_METHOD_MATCH = YES;
				"CODE_SIGN_IDENTITY[sdk=iphoneos*]" = "iPhone Developer";
				COPY_PHASE_STRIP = NO;
				DEBUG_INFORMATION_FORMAT = "dwarf-with-dsym";
				ENABLE_NS_ASSERTIONS = NO;
				ENABLE_STRICT_OBJC_MSGSEND = YES;
				GCC_C_LANGUAGE_STANDARD = gnu99;
				GCC_NO_COMMON_BLOCKS = YES;
				GCC_WARN_64_TO_32_BIT_CONVERSION = YES;
				GCC_WARN_ABOUT_RETURN_TYPE = YES_ERROR;
				GCC_WARN_UNDECLARED_SELECTOR = YES;
				GCC_WARN_UNINITIALIZED_AUTOS = YES_AGGRESSIVE;
				GCC_WARN_UNUSED_FUNCTION = YES;
				GCC_WARN_UNUSED_VARIABLE = YES;
				IPHONEOS_DEPLOYMENT_TARGET = 9.3;
				MTL_ENABLE_DEBUG_INFO = NO;
				SDKROOT = iphoneos;
				VALIDATE_PRODUCT = YES;
			};
			name = Release;
		};
		D417DE051CC396A300DA6075 /* Debug */ = {
			isa = XCBuildConfiguration;
			baseConfigurationReference = 57DA82B8375DAB0424E31FE5 /* Pods-LTPABasedSSOSample.debug.xcconfig */;
			buildSettings = {
				ASSETCATALOG_COMPILER_APPICON_NAME = AppIcon;
				INFOPLIST_FILE = LTPABasedSSOSample/Info.plist;
				LD_RUNPATH_SEARCH_PATHS = "$(inherited) @executable_path/Frameworks";
				PRODUCT_BUNDLE_IDENTIFIER = net.mfpdev.ltpa.LTPABasedSSOSample;
				PRODUCT_NAME = "$(TARGET_NAME)";
			};
			name = Debug;
		};
		D417DE061CC396A300DA6075 /* Release */ = {
			isa = XCBuildConfiguration;
			baseConfigurationReference = E9AA69BF400F13419ED9320C /* Pods-LTPABasedSSOSample.release.xcconfig */;
			buildSettings = {
				ASSETCATALOG_COMPILER_APPICON_NAME = AppIcon;
				INFOPLIST_FILE = LTPABasedSSOSample/Info.plist;
				LD_RUNPATH_SEARCH_PATHS = "$(inherited) @executable_path/Frameworks";
				PRODUCT_BUNDLE_IDENTIFIER = net.mfpdev.ltpa.LTPABasedSSOSample;
				PRODUCT_NAME = "$(TARGET_NAME)";
			};
			name = Release;
		};
/* End XCBuildConfiguration section */

/* Begin XCConfigurationList section */
		D417DDED1CC396A300DA6075 /* Build configuration list for PBXProject "LTPABasedSSOSample" */ = {
			isa = XCConfigurationList;
			buildConfigurations = (
				D417DE021CC396A300DA6075 /* Debug */,
				D417DE031CC396A300DA6075 /* Release */,
			);
			defaultConfigurationIsVisible = 0;
			defaultConfigurationName = Release;
		};
		D417DE041CC396A300DA6075 /* Build configuration list for PBXNativeTarget "LTPABasedSSOSample" */ = {
			isa = XCConfigurationList;
			buildConfigurations = (
				D417DE051CC396A300DA6075 /* Debug */,
				D417DE061CC396A300DA6075 /* Release */,
			);
			defaultConfigurationIsVisible = 0;
			defaultConfigurationName = Release;
		};
/* End XCConfigurationList section */
	};
	rootObject = D417DDEA1CC396A300DA6075 /* Project object */;
}
